
Microsoft Visual Studio Solution File, Format Version 12.00
# Visual Studio Version 17
VisualStudioVersion = 17.8.34330.188
MinimumVisualStudioVersion = 10.0.40219.1
Project("{FAE04EC0-301F-11D3-BF4B-00C04F79EFBC}") = "Frame_Manager", "Frame_Manager.csproj", "{2155B646-9918-4BAE-9E6F-BC0B70D9195D}"
EndProject
Global
	GlobalSection(SolutionConfigurationPlatforms) = preSolution
		Debug|Any CPU = Debug|Any CPU
		Release|Any CPU = Release|Any CPU
	EndGlobalSection
	GlobalSection(ProjectConfigurationPlatforms) = postSolution
		{2155B646-9918-4BAE-9E6F-BC0B70D9195D}.Debug|Any CPU.ActiveCfg = Debug|Any CPU
		{2155B646-9918-4BAE-9E6F-BC0B70D9195D}.Debug|Any CPU.Build.0 = Debug|Any CPU
		{2155B646-9918-4BAE-9E6F-BC0B70D9195D}.Release|Any CPU.ActiveCfg = Release|Any CPU
		{2155B646-9918-4BAE-9E6F-BC0B70D9195D}.Release|Any CPU.Build.0 = Release|Any CPU
	EndGlobalSection
	GlobalSection(SolutionProperties) = preSolution
		HideSolutionNode = FALSE
	EndGlobalSection
	GlobalSection(ExtensibilityGlobals) = postSolution
		SolutionGuid = {3AA81F81-8485-4654-9B5E-A8E89C3A9B16}
	EndGlobalSection
EndGlobal
